
Microsoft Visual Studio Solution File, Format Version 12.00
# Visual Studio Version 17
VisualStudioVersion = 17.14.37203.1 d17.14
MinimumVisualStudioVersion = 10.0.40219.1
Project("{FAE04EC0-301F-11D3-BF4B-00C04F79EFBC}") = "TemperatureLibrary", "TemperatureLibrary.csproj", "{E124EB3B-0D4F-40A3-A6AA-8D94532FE647}"
EndProject
Global
	GlobalSection(SolutionConfigurationPlatforms) = preSolution
		Debug|Any CPU = Debug|Any CPU
		Release|Any CPU = Release|Any CPU
	EndGlobalSection
	GlobalSection(ProjectConfigurationPlatforms) = postSolution
		{E124EB3B-0D4F-40A3-A6AA-8D94532FE647}.Debug|Any CPU.ActiveCfg = Debug|Any CPU
		{E124EB3B-0D4F-40A3-A6AA-8D94532FE647}.Debug|Any CPU.Build.0 = Debug|Any CPU
		{E124EB3B-0D4F-40A3-A6AA-8D94532FE647}.Release|Any CPU.ActiveCfg = Release|Any CPU
		{E124EB3B-0D4F-40A3-A6AA-8D94532FE647}.Release|Any CPU.Build.0 = Release|Any CPU
	EndGlobalSection
	GlobalSection(SolutionProperties) = preSolution
		HideSolutionNode = FALSE
	EndGlobalSection
	GlobalSection(ExtensibilityGlobals) = postSolution
		SolutionGuid = {04F3B96D-F5DE-4793-9B56-F3E75E259837}
	EndGlobalSection
EndGlobal
